
Microsoft Visual Studio Solution File, Format Version 12.00
# Visual Studio Version 17
VisualStudioVersion = 17.11.35327.3
MinimumVisualStudioVersion = 10.0.40219.1
Project("{9A19103F-16F7-4668-BE54-9A1E7A4F7556}") = "CoreGoDelivery.Infrastructure", "src\CoreGoDelivery.Infrastructure\CoreGoDelivery.Infrastructure.csproj", "{913B8928-DB53-4BAE-9806-503A929B4E79}"
EndProject
Project("{9A19103F-16F7-4668-BE54-9A1E7A4F7556}") = "CoreGoDelivery.Application", "src\CoreGoDelivery.Application\CoreGoDelivery.Application.csproj", "{C3CBF9A3-8269-49FC-92F2-FE97DDA6838A}"
EndProject
Project("{2150E333-8FDC-42A3-9474-1A3956D46DE8}") = "Solution Items", "Solution Items", "{9CD24020-DF0B-4081-855D-413E41390739}"
	ProjectSection(SolutionItems) = preProject
		.editorconfig = .editorconfig
	EndProjectSection
EndProject
Project("{9A19103F-16F7-4668-BE54-9A1E7A4F7556}") = "CoreGoDelivery.Domain", "src\CoreGoDelivery.Domain\CoreGoDelivery.Domain.csproj", "{0AA16454-C745-48F0-9B8A-64860B9391D8}"
EndProject
Project("{2150E333-8FDC-42A3-9474-1A3956D46DE8}") = "logs", "logs", "{028AD4B8-5A3C-499B-9756-90A2C94D83E4}"
	ProjectSection(SolutionItems) = preProject
		logs\logs20241013.txt = logs\logs20241013.txt
	EndProjectSection
EndProject
Project("{2150E333-8FDC-42A3-9474-1A3956D46DE8}") = "tests", "tests", "{5EBC6F0F-DDDE-44F2-BEED-CBAFD24B5731}"
EndProject
Project("{9A19103F-16F7-4668-BE54-9A1E7A4F7556}") = "CoreGoDelivery.ApplicationTests", "tests\CoreGoDelivery.ApplicationTests\CoreGoDelivery.ApplicationTests.csproj", "{3329400D-30C6-471A-8C21-1216283D18F1}"
EndProject
Project("{9A19103F-16F7-4668-BE54-9A1E7A4F7556}") = "CoreGoDelivery.Api", "src\CoreGoDelivery.Api\CoreGoDelivery.Api.csproj", "{B6D45836-56A2-4538-9453-3286D0B8485B}"
EndProject
Global
	GlobalSection(SolutionConfigurationPlatforms) = preSolution
		Debug|Any CPU = Debug|Any CPU
		Release|Any CPU = Release|Any CPU
	EndGlobalSection
	GlobalSection(ProjectConfigurationPlatforms) = postSolution
		{913B8928-DB53-4BAE-9806-503A929B4E79}.Debug|Any CPU.ActiveCfg = Debug|Any CPU
		{913B8928-DB53-4BAE-9806-503A929B4E79}.Debug|Any CPU.Build.0 = Debug|Any CPU
		{913B8928-DB53-4BAE-9806-503A929B4E79}.Release|Any CPU.ActiveCfg = Release|Any CPU
		{913B8928-DB53-4BAE-9806-503A929B4E79}.Release|Any CPU.Build.0 = Release|Any CPU
		{C3CBF9A3-8269-49FC-92F2-FE97DDA6838A}.Debug|Any CPU.ActiveCfg = Debug|Any CPU
		{C3CBF9A3-8269-49FC-92F2-FE97DDA6838A}.Debug|Any CPU.Build.0 = Debug|Any CPU
		{C3CBF9A3-8269-49FC-92F2-FE97DDA6838A}.Release|Any CPU.ActiveCfg = Release|Any CPU
		{C3CBF9A3-8269-49FC-92F2-FE97DDA6838A}.Release|Any CPU.Build.0 = Release|Any CPU
		{0AA16454-C745-48F0-9B8A-64860B9391D8}.Debug|Any CPU.ActiveCfg = Debug|Any CPU
		{0AA16454-C745-48F0-9B8A-64860B9391D8}.Debug|Any CPU.Build.0 = Debug|Any CPU
		{0AA16454-C745-48F0-9B8A-64860B9391D8}.Release|Any CPU.ActiveCfg = Release|Any CPU
		{0AA16454-C745-48F0-9B8A-64860B9391D8}.Release|Any CPU.Build.0 = Release|Any CPU
		{3329400D-30C6-471A-8C21-1216283D18F1}.Debug|Any CPU.ActiveCfg = Debug|Any CPU
		{3329400D-30C6-471A-8C21-1216283D18F1}.Debug|Any CPU.Build.0 = Debug|Any CPU
		{3329400D-30C6-471A-8C21-1216283D18F1}.Release|Any CPU.ActiveCfg = Release|Any CPU
		{3329400D-30C6-471A-8C21-1216283D18F1}.Release|Any CPU.Build.0 = Release|Any CPU
		{B6D45836-56A2-4538-9453-3286D0B8485B}.Debug|Any CPU.ActiveCfg = Debug|Any CPU
		{B6D45836-56A2-4538-9453-3286D0B8485B}.Debug|Any CPU.Build.0 = Debug|Any CPU
		{B6D45836-56A2-4538-9453-3286D0B8485B}.Release|Any CPU.ActiveCfg = Release|Any CPU
		{B6D45836-56A2-4538-9453-3286D0B8485B}.Release|Any CPU.Build.0 = Release|Any CPU
	EndGlobalSection
	GlobalSection(SolutionProperties) = preSolution
		HideSolutionNode = FALSE
	EndGlobalSection
	GlobalSection(NestedProjects) = preSolution
		{028AD4B8-5A3C-499B-9756-90A2C94D83E4} = {9CD24020-DF0B-4081-855D-413E41390739}
		{3329400D-30C6-471A-8C21-1216283D18F1} = {5EBC6F0F-DDDE-44F2-BEED-CBAFD24B5731}
	EndGlobalSection
	GlobalSection(ExtensibilityGlobals) = postSolution
		SolutionGuid = {C2EA87DE-3BFE-4E0B-ABD0-0744F49E3E88}
	EndGlobalSection
EndGlobal
